
Microsoft Visual Studio Solution File, Format Version 12.00
# Visual Studio Version 17
VisualStudioVersion = 17.9.34723.18
MinimumVisualStudioVersion = 10.0.40219.1
Project("{8BC9CEB8-8B4A-11D0-8D11-00A0C91BC942}") = "SisyphusEngine", "SisyphusEngine\SisyphusEngine.vcxproj", "{24D993E5-A34D-4AB2-B4BA-0AD3AEC60439}"
EndProject
Global
	GlobalSection(SolutionConfigurationPlatforms) = preSolution
		Debug|x64 = Debug|x64
		Release|x64 = Release|x64
	EndGlobalSection
	GlobalSection(ProjectConfigurationPlatforms) = postSolution
		{24D993E5-A34D-4AB2-B4BA-0AD3AEC60439}.Debug|x64.ActiveCfg = Debug|x64
		{24D993E5-A34D-4AB2-B4BA-0AD3AEC60439}.Debug|x64.Build.0 = Debug|x64
		{24D993E5-A34D-4AB2-B4BA-0AD3AEC60439}.Release|x64.ActiveCfg = Release|x64
		{24D993E5-A34D-4AB2-B4BA-0AD3AEC60439}.Release|x64.Build.0 = Release|x64
	EndGlobalSection
	GlobalSection(SolutionProperties) = preSolution
		HideSolutionNode = FALSE
	EndGlobalSection
	GlobalSection(ExtensibilityGlobals) = postSolution
		SolutionGuid = {FBB8B402-831F-4013-969B-0ABC28CF404C}
	EndGlobalSection
EndGlobal
